
Microsoft Visual Studio Solution File, Format Version 12.00
# Visual Studio Version 17
VisualStudioVersion = 17.6.33801.468
MinimumVisualStudioVersion = 10.0.40219.1
Project("{FAE04EC0-301F-11D3-BF4B-00C04F79EFBC}") = "Mesaj_Alert", "Mesaj_Alert.csproj", "{F6A4CA46-BC90-4C29-B74B-492B15109F7C}"
EndProject
Global
	GlobalSection(SolutionConfigurationPlatforms) = preSolution
		Debug|Any CPU = Debug|Any CPU
		Release|Any CPU = Release|Any CPU
	EndGlobalSection
	GlobalSection(ProjectConfigurationPlatforms) = postSolution
		{F6A4CA46-BC90-4C29-B74B-492B15109F7C}.Debug|Any CPU.ActiveCfg = Debug|Any CPU
		{F6A4CA46-BC90-4C29-B74B-492B15109F7C}.Debug|Any CPU.Build.0 = Debug|Any CPU
		{F6A4CA46-BC90-4C29-B74B-492B15109F7C}.Release|Any CPU.ActiveCfg = Release|Any CPU
		{F6A4CA46-BC90-4C29-B74B-492B15109F7C}.Release|Any CPU.Build.0 = Release|Any CPU
	EndGlobalSection
	GlobalSection(SolutionProperties) = preSolution
		HideSolutionNode = FALSE
	EndGlobalSection
	GlobalSection(ExtensibilityGlobals) = postSolution
		SolutionGuid = {00DD5890-6CA0-4293-978C-7C8C79097E04}
	EndGlobalSection
EndGlobal
